# This file is automatically @generated by Cargo.
# It is not intended for manual editing.
[[package]]
name = "er-rusted"
version = "0.1.0"
dependencies = [
 "eyre",
]

[[package]]
name = "eyre"
version = "0.6.3"
source = "registry+https://github.com/rust-lang/crates.io-index"
checksum = "5f29abf4740a4778632fe27a4f681ef5b7a6f659aeba3330ac66f48e20cfa3b7"
dependencies = [
 "indenter",
 "once_cell",
]

[[package]]
name = "indenter"
version = "0.3.0"
source = "registry+https://github.com/rust-lang/crates.io-index"
checksum = "e0bd112d44d9d870a6819eb505d04dd92b5e4d94bb8c304924a0872ae7016fb5"

[[package]]
name = "once_cell"
version = "1.5.2"
source = "registry+https://github.com/rust-lang/crates.io-index"
checksum = "13bd41f508810a131401606d54ac32a467c97172d74ba7662562ebba5ad07fa0"
